
Microsoft Visual Studio Solution File, Format Version 12.00
# Visual Studio Version 17
VisualStudioVersion = 17.3.32929.385
MinimumVisualStudioVersion = 10.0.40219.1
Project("{FAE04EC0-301F-11D3-BF4B-00C04F79EFBC}") = "тест нейронки", "тест нейронки\тест нейронки.csproj", "{AD94A163-4550-4E9A-A0DB-C55B3C2EFF7E}"
EndProject
Global
	GlobalSection(SolutionConfigurationPlatforms) = preSolution
		Debug|Any CPU = Debug|Any CPU
		Release|Any CPU = Release|Any CPU
	EndGlobalSection
	GlobalSection(ProjectConfigurationPlatforms) = postSolution
		{AD94A163-4550-4E9A-A0DB-C55B3C2EFF7E}.Debug|Any CPU.ActiveCfg = Debug|Any CPU
		{AD94A163-4550-4E9A-A0DB-C55B3C2EFF7E}.Debug|Any CPU.Build.0 = Debug|Any CPU
		{AD94A163-4550-4E9A-A0DB-C55B3C2EFF7E}.Release|Any CPU.ActiveCfg = Release|Any CPU
		{AD94A163-4550-4E9A-A0DB-C55B3C2EFF7E}.Release|Any CPU.Build.0 = Release|Any CPU
	EndGlobalSection
	GlobalSection(SolutionProperties) = preSolution
		HideSolutionNode = FALSE
	EndGlobalSection
	GlobalSection(ExtensibilityGlobals) = postSolution
		SolutionGuid = {5758EDBD-BE46-4669-8B1F-3577A1855B66}
	EndGlobalSection
EndGlobal
